
Microsoft Visual Studio Solution File, Format Version 12.00
# Visual Studio Version 16
VisualStudioVersion = 16.0.31624.102
MinimumVisualStudioVersion = 10.0.40219.1
Project("{FAE04EC0-301F-11D3-BF4B-00C04F79EFBC}") = "Cezar", "Cezar.csproj", "{E14F3FBD-7875-438F-AC08-5B886E5E4F2C}"
EndProject
Global
	GlobalSection(SolutionConfigurationPlatforms) = preSolution
		Debug|Any CPU = Debug|Any CPU
		Release|Any CPU = Release|Any CPU
	EndGlobalSection
	GlobalSection(ProjectConfigurationPlatforms) = postSolution
		{E14F3FBD-7875-438F-AC08-5B886E5E4F2C}.Debug|Any CPU.ActiveCfg = Debug|Any CPU
		{E14F3FBD-7875-438F-AC08-5B886E5E4F2C}.Debug|Any CPU.Build.0 = Debug|Any CPU
		{E14F3FBD-7875-438F-AC08-5B886E5E4F2C}.Release|Any CPU.ActiveCfg = Release|Any CPU
		{E14F3FBD-7875-438F-AC08-5B886E5E4F2C}.Release|Any CPU.Build.0 = Release|Any CPU
	EndGlobalSection
	GlobalSection(SolutionProperties) = preSolution
		HideSolutionNode = FALSE
	EndGlobalSection
	GlobalSection(ExtensibilityGlobals) = postSolution
		SolutionGuid = {5B11955E-EFDA-4D73-AAA9-4FFA58518223}
	EndGlobalSection
EndGlobal
